
Microsoft Visual Studio Solution File, Format Version 12.00
# Visual Studio Version 17
VisualStudioVersion = 17.5.33424.131
MinimumVisualStudioVersion = 10.0.40219.1
Project("{9A19103F-16F7-4668-BE54-9A1E7A4F7556}") = "TTSToVideo.WPF", "TTSToVideo.WPF\TTSToVideo.WPF.csproj", "{8389E605-E9BD-4768-9616-38F478330086}"
EndProject
Project("{9A19103F-16F7-4668-BE54-9A1E7A4F7556}") = "NetXP.ImageGeneratorAI.LeonardoAI", "..\..\NetXP\NetXP.ImageGeneratorAI.LeonardoAI\NetXP.ImageGeneratorAI.LeonardoAI.csproj", "{FB1E56BE-766E-4731-BAB8-F641D7395DF8}"
EndProject
Project("{9A19103F-16F7-4668-BE54-9A1E7A4F7556}") = "NetXP", "..\..\NetXP\NetXP\NetXP.csproj", "{DBD63AB4-036D-437C-AD1E-4345A00A7471}"
EndProject
Project("{9A19103F-16F7-4668-BE54-9A1E7A4F7556}") = "NetXP.DependencyInjection", "..\..\NetXP\NetXP.DependencyInjection\NetXP.DependencyInjection.csproj", "{E77C443E-3E86-4963-ABBE-9A3B65462DED}"
EndProject
Project("{9A19103F-16F7-4668-BE54-9A1E7A4F7556}") = "NetXP.Tts.ElevenLabs", "..\..\NetXP\NetXP.TTS.ElevenLabs\NetXP.Tts.ElevenLabs.csproj", "{BC679B08-1D03-4202-A03B-2BD53D8FB584}"
EndProject
Project("{2150E333-8FDC-42A3-9474-1A3956D46DE8}") = "Framework", "Framework", "{FB61784D-3AE8-49AB-B7CE-34FAF7AD023B}"
EndProject
Project("{9A19103F-16F7-4668-BE54-9A1E7A4F7556}") = "TTSToVideo.Helpers", "TTSToVideo.Helpers\TTSToVideo.Helpers.csproj", "{1DAD8988-DA0B-4681-9462-7354588BEA97}"
EndProject
Project("{9A19103F-16F7-4668-BE54-9A1E7A4F7556}") = "NetXP.UnitTest", "..\..\NetXP\NetXP.NetCore.UnitTest\NetXP.UnitTest.csproj", "{A32FB66E-D017-4D98-96BD-B4C8849ED0F5}"
EndProject
Project("{9A19103F-16F7-4668-BE54-9A1E7A4F7556}") = "TTSToVideo.UnitTests", "TTSToVideo.UnitTests\TTSToVideo.UnitTests.csproj", "{20EA46F1-A08C-4142-B3A3-C165A0D2BB9E}"
EndProject
Project("{9A19103F-16F7-4668-BE54-9A1E7A4F7556}") = "TTSToVideo.Business", "TTSToVideo.Business\TTSToVideo.Business.csproj", "{FB89FA0C-7F3B-4111-9B95-200651F0211A}"
EndProject
Project("{9A19103F-16F7-4668-BE54-9A1E7A4F7556}") = "NetXP.CompositionRoots", "..\..\NetXP\NetXP.CompositionRoots\NetXP.CompositionRoots.csproj", "{1F89E109-F82A-4E0C-AF5F-D5A5874A3985}"
EndProject
Project("{9A19103F-16F7-4668-BE54-9A1E7A4F7556}") = "NetXP.Auditory.Implementations", "..\..\NetXP\NetXP.Auditory.Implementations\NetXP.Auditory.Implementations.csproj", "{02E6D080-2ECE-4871-A5F0-BDCB6FD08355}"
EndProject
Project("{9A19103F-16F7-4668-BE54-9A1E7A4F7556}") = "NetXP.Cryptography.Implementations", "..\..\NetXP\NetXP.Cryptography.Implementations\NetXP.Cryptography.Implementations.csproj", "{4E824CCD-F121-4A88-8E9C-4B2A79CA10EF}"
EndProject
Project("{9A19103F-16F7-4668-BE54-9A1E7A4F7556}") = "NetXP.Serialization.Implementations", "..\..\NetXP\NetXP.Serialization.Implementations\NetXP.Serialization.Implementations.csproj", "{77091838-CF99-4C1C-B8A1-E081ADEBDFA9}"
EndProject
Project("{9A19103F-16F7-4668-BE54-9A1E7A4F7556}") = "NetXP.Network.Services.Implementations", "..\..\NetXP\NetXP.Network.Services.Implementations\NetXP.Network.Services.Implementations.csproj", "{96BCFF7F-260B-4EA3-9F80-F17D9083CDD1}"
EndProject
Project("{9A19103F-16F7-4668-BE54-9A1E7A4F7556}") = "NetXP.Network", "..\..\NetXP\NetXP.Network\NetXP.Network.csproj", "{6F944DA9-58C5-42B5-B54B-4C4A1B4CD1E9}"
EndProject
Project("{2150E333-8FDC-42A3-9474-1A3956D46DE8}") = "NotUsed", "NotUsed", "{14A0B61F-6280-4414-8131-396FA2CDF640}"
EndProject
Global
	GlobalSection(SolutionConfigurationPlatforms) = preSolution
		Debug_1|Any CPU = Debug_1|Any CPU
		Debug_2|Any CPU = Debug_2|Any CPU
		Debug_Manager|Any CPU = Debug_Manager|Any CPU
		Debug|Any CPU = Debug|Any CPU
		Release|Any CPU = Release|Any CPU
		Staging|Any CPU = Staging|Any CPU
		Testing|Any CPU = Testing|Any CPU
	EndGlobalSection
	GlobalSection(ProjectConfigurationPlatforms) = postSolution
		{8389E605-E9BD-4768-9616-38F478330086}.Debug_1|Any CPU.ActiveCfg = Debug|Any CPU
		{8389E605-E9BD-4768-9616-38F478330086}.Debug_1|Any CPU.Build.0 = Debug|Any CPU
		{8389E605-E9BD-4768-9616-38F478330086}.Debug_2|Any CPU.ActiveCfg = Debug|Any CPU
		{8389E605-E9BD-4768-9616-38F478330086}.Debug_2|Any CPU.Build.0 = Debug|Any CPU
		{8389E605-E9BD-4768-9616-38F478330086}.Debug_Manager|Any CPU.ActiveCfg = Debug|Any CPU
		{8389E605-E9BD-4768-9616-38F478330086}.Debug_Manager|Any CPU.Build.0 = Debug|Any CPU
		{8389E605-E9BD-4768-9616-38F478330086}.Debug|Any CPU.ActiveCfg = Debug|Any CPU
		{8389E605-E9BD-4768-9616-38F478330086}.Debug|Any CPU.Build.0 = Debug|Any CPU
		{8389E605-E9BD-4768-9616-38F478330086}.Release|Any CPU.ActiveCfg = Release|Any CPU
		{8389E605-E9BD-4768-9616-38F478330086}.Release|Any CPU.Build.0 = Release|Any CPU
		{8389E605-E9BD-4768-9616-38F478330086}.Staging|Any CPU.ActiveCfg = Release|Any CPU
		{8389E605-E9BD-4768-9616-38F478330086}.Staging|Any CPU.Build.0 = Release|Any CPU
		{8389E605-E9BD-4768-9616-38F478330086}.Testing|Any CPU.ActiveCfg = Release|Any CPU
		{8389E605-E9BD-4768-9616-38F478330086}.Testing|Any CPU.Build.0 = Release|Any CPU
		{FB1E56BE-766E-4731-BAB8-F641D7395DF8}.Debug_1|Any CPU.ActiveCfg = Debug|Any CPU
		{FB1E56BE-766E-4731-BAB8-F641D7395DF8}.Debug_1|Any CPU.Build.0 = Debug|Any CPU
		{FB1E56BE-766E-4731-BAB8-F641D7395DF8}.Debug_2|Any CPU.ActiveCfg = Debug|Any CPU
		{FB1E56BE-766E-4731-BAB8-F641D7395DF8}.Debug_2|Any CPU.Build.0 = Debug|Any CPU
		{FB1E56BE-766E-4731-BAB8-F641D7395DF8}.Debug_Manager|Any CPU.ActiveCfg = Debug|Any CPU
		{FB1E56BE-766E-4731-BAB8-F641D7395DF8}.Debug_Manager|Any CPU.Build.0 = Debug|Any CPU
		{FB1E56BE-766E-4731-BAB8-F641D7395DF8}.Debug|Any CPU.ActiveCfg = Debug|Any CPU
		{FB1E56BE-766E-4731-BAB8-F641D7395DF8}.Debug|Any CPU.Build.0 = Debug|Any CPU
		{FB1E56BE-766E-4731-BAB8-F641D7395DF8}.Release|Any CPU.ActiveCfg = Release|Any CPU
		{FB1E56BE-766E-4731-BAB8-F641D7395DF8}.Release|Any CPU.Build.0 = Release|Any CPU
		{FB1E56BE-766E-4731-BAB8-F641D7395DF8}.Staging|Any CPU.ActiveCfg = Debug|Any CPU
		{FB1E56BE-766E-4731-BAB8-F641D7395DF8}.Staging|Any CPU.Build.0 = Debug|Any CPU
		{FB1E56BE-766E-4731-BAB8-F641D7395DF8}.Testing|Any CPU.ActiveCfg = Debug|Any CPU
		{FB1E56BE-766E-4731-BAB8-F641D7395DF8}.Testing|Any CPU.Build.0 = Debug|Any CPU
		{DBD63AB4-036D-437C-AD1E-4345A00A7471}.Debug_1|Any CPU.ActiveCfg = Debug|Any CPU
		{DBD63AB4-036D-437C-AD1E-4345A00A7471}.Debug_1|Any CPU.Build.0 = Debug|Any CPU
		{DBD63AB4-036D-437C-AD1E-4345A00A7471}.Debug_2|Any CPU.ActiveCfg = Debug|Any CPU
		{DBD63AB4-036D-437C-AD1E-4345A00A7471}.Debug_2|Any CPU.Build.0 = Debug|Any CPU
		{DBD63AB4-036D-437C-AD1E-4345A00A7471}.Debug_Manager|Any CPU.ActiveCfg = Debug|Any CPU
		{DBD63AB4-036D-437C-AD1E-4345A00A7471}.Debug_Manager|Any CPU.Build.0 = Debug|Any CPU
		{DBD63AB4-036D-437C-AD1E-4345A00A7471}.Debug|Any CPU.ActiveCfg = Debug|Any CPU
		{DBD63AB4-036D-437C-AD1E-4345A00A7471}.Debug|Any CPU.Build.0 = Debug|Any CPU
		{DBD63AB4-036D-437C-AD1E-4345A00A7471}.Release|Any CPU.ActiveCfg = Release|Any CPU
		{DBD63AB4-036D-437C-AD1E-4345A00A7471}.Release|Any CPU.Build.0 = Release|Any CPU
		{DBD63AB4-036D-437C-AD1E-4345A00A7471}.Staging|Any CPU.ActiveCfg = Staging|Any CPU
		{DBD63AB4-036D-437C-AD1E-4345A00A7471}.Staging|Any CPU.Build.0 = Staging|Any CPU
		{DBD63AB4-036D-437C-AD1E-4345A00A7471}.Testing|Any CPU.ActiveCfg = Testing|Any CPU
		{DBD63AB4-036D-437C-AD1E-4345A00A7471}.Testing|Any CPU.Build.0 = Testing|Any CPU
		{E77C443E-3E86-4963-ABBE-9A3B65462DED}.Debug_1|Any CPU.ActiveCfg = Debug|Any CPU
		{E77C443E-3E86-4963-ABBE-9A3B65462DED}.Debug_1|Any CPU.Build.0 = Debug|Any CPU
		{E77C443E-3E86-4963-ABBE-9A3B65462DED}.Debug_2|Any CPU.ActiveCfg = Debug|Any CPU
		{E77C443E-3E86-4963-ABBE-9A3B65462DED}.Debug_2|Any CPU.Build.0 = Debug|Any CPU
		{E77C443E-3E86-4963-ABBE-9A3B65462DED}.Debug_Manager|Any CPU.ActiveCfg = Debug|Any CPU
		{E77C443E-3E86-4963-ABBE-9A3B65462DED}.Debug_Manager|Any CPU.Build.0 = Debug|Any CPU
		{E77C443E-3E86-4963-ABBE-9A3B65462DED}.Debug|Any CPU.ActiveCfg = Debug|Any CPU
		{E77C443E-3E86-4963-ABBE-9A3B65462DED}.Debug|Any CPU.Build.0 = Debug|Any CPU
		{E77C443E-3E86-4963-ABBE-9A3B65462DED}.Release|Any CPU.ActiveCfg = Release|Any CPU
		{E77C443E-3E86-4963-ABBE-9A3B65462DED}.Release|Any CPU.Build.0 = Release|Any CPU
		{E77C443E-3E86-4963-ABBE-9A3B65462DED}.Staging|Any CPU.ActiveCfg = Debug|Any CPU
		{E77C443E-3E86-4963-ABBE-9A3B65462DED}.Staging|Any CPU.Build.0 = Debug|Any CPU
		{E77C443E-3E86-4963-ABBE-9A3B65462DED}.Testing|Any CPU.ActiveCfg = Debug|Any CPU
		{E77C443E-3E86-4963-ABBE-9A3B65462DED}.Testing|Any CPU.Build.0 = Debug|Any CPU
		{BC679B08-1D03-4202-A03B-2BD53D8FB584}.Debug_1|Any CPU.ActiveCfg = Debug|Any CPU
		{BC679B08-1D03-4202-A03B-2BD53D8FB584}.Debug_1|Any CPU.Build.0 = Debug|Any CPU
		{BC679B08-1D03-4202-A03B-2BD53D8FB584}.Debug_2|Any CPU.ActiveCfg = Debug|Any CPU
		{BC679B08-1D03-4202-A03B-2BD53D8FB584}.Debug_2|Any CPU.Build.0 = Debug|Any CPU
		{BC679B08-1D03-4202-A03B-2BD53D8FB584}.Debug_Manager|Any CPU.ActiveCfg = Debug|Any CPU
		{BC679B08-1D03-4202-A03B-2BD53D8FB584}.Debug_Manager|Any CPU.Build.0 = Debug|Any CPU
		{BC679B08-1D03-4202-A03B-2BD53D8FB584}.Debug|Any CPU.ActiveCfg = Debug|Any CPU
		{BC679B08-1D03-4202-A03B-2BD53D8FB584}.Debug|Any CPU.Build.0 = Debug|Any CPU
		{BC679B08-1D03-4202-A03B-2BD53D8FB584}.Release|Any CPU.ActiveCfg = Release|Any CPU
		{BC679B08-1D03-4202-A03B-2BD53D8FB584}.Release|Any CPU.Build.0 = Release|Any CPU
		{BC679B08-1D03-4202-A03B-2BD53D8FB584}.Staging|Any CPU.ActiveCfg = Debug|Any CPU
		{BC679B08-1D03-4202-A03B-2BD53D8FB584}.Staging|Any CPU.Build.0 = Debug|Any CPU
		{BC679B08-1D03-4202-A03B-2BD53D8FB584}.Testing|Any CPU.ActiveCfg = Debug|Any CPU
		{BC679B08-1D03-4202-A03B-2BD53D8FB584}.Testing|Any CPU.Build.0 = Debug|Any CPU
		{1DAD8988-DA0B-4681-9462-7354588BEA97}.Debug_1|Any CPU.ActiveCfg = Debug|Any CPU
		{1DAD8988-DA0B-4681-9462-7354588BEA97}.Debug_1|Any CPU.Build.0 = Debug|Any CPU
		{1DAD8988-DA0B-4681-9462-7354588BEA97}.Debug_2|Any CPU.ActiveCfg = Debug|Any CPU
		{1DAD8988-DA0B-4681-9462-7354588BEA97}.Debug_2|Any CPU.Build.0 = Debug|Any CPU
		{1DAD8988-DA0B-4681-9462-7354588BEA97}.Debug_Manager|Any CPU.ActiveCfg = Debug|Any CPU
		{1DAD8988-DA0B-4681-9462-7354588BEA97}.Debug_Manager|Any CPU.Build.0 = Debug|Any CPU
		{1DAD8988-DA0B-4681-9462-7354588BEA97}.Debug|Any CPU.ActiveCfg = Debug|Any CPU
		{1DAD8988-DA0B-4681-9462-7354588BEA97}.Debug|Any CPU.Build.0 = Debug|Any CPU
		{1DAD8988-DA0B-4681-9462-7354588BEA97}.Release|Any CPU.ActiveCfg = Release|Any CPU
		{1DAD8988-DA0B-4681-9462-7354588BEA97}.Release|Any CPU.Build.0 = Release|Any CPU
		{1DAD8988-DA0B-4681-9462-7354588BEA97}.Staging|Any CPU.ActiveCfg = Debug|Any CPU
		{1DAD8988-DA0B-4681-9462-7354588BEA97}.Staging|Any CPU.Build.0 = Debug|Any CPU
		{1DAD8988-DA0B-4681-9462-7354588BEA97}.Testing|Any CPU.ActiveCfg = Debug|Any CPU
		{1DAD8988-DA0B-4681-9462-7354588BEA97}.Testing|Any CPU.Build.0 = Debug|Any CPU
		{A32FB66E-D017-4D98-96BD-B4C8849ED0F5}.Debug_1|Any CPU.ActiveCfg = Debug|Any CPU
		{A32FB66E-D017-4D98-96BD-B4C8849ED0F5}.Debug_2|Any CPU.ActiveCfg = Debug|Any CPU
		{A32FB66E-D017-4D98-96BD-B4C8849ED0F5}.Debug_Manager|Any CPU.ActiveCfg = Debug|Any CPU
		{A32FB66E-D017-4D98-96BD-B4C8849ED0F5}.Debug|Any CPU.ActiveCfg = Debug|Any CPU
		{A32FB66E-D017-4D98-96BD-B4C8849ED0F5}.Debug|Any CPU.Build.0 = Debug|Any CPU
		{A32FB66E-D017-4D98-96BD-B4C8849ED0F5}.Release|Any CPU.ActiveCfg = Release|Any CPU
		{A32FB66E-D017-4D98-96BD-B4C8849ED0F5}.Release|Any CPU.Build.0 = Release|Any CPU
		{A32FB66E-D017-4D98-96BD-B4C8849ED0F5}.Staging|Any CPU.ActiveCfg = Staging|Any CPU
		{A32FB66E-D017-4D98-96BD-B4C8849ED0F5}.Staging|Any CPU.Build.0 = Staging|Any CPU
		{A32FB66E-D017-4D98-96BD-B4C8849ED0F5}.Testing|Any CPU.ActiveCfg = Debug|Any CPU
		{A32FB66E-D017-4D98-96BD-B4C8849ED0F5}.Testing|Any CPU.Build.0 = Debug|Any CPU
		{20EA46F1-A08C-4142-B3A3-C165A0D2BB9E}.Debug_1|Any CPU.ActiveCfg = Debug|Any CPU
		{20EA46F1-A08C-4142-B3A3-C165A0D2BB9E}.Debug_1|Any CPU.Build.0 = Debug|Any CPU
		{20EA46F1-A08C-4142-B3A3-C165A0D2BB9E}.Debug_2|Any CPU.ActiveCfg = Debug|Any CPU
		{20EA46F1-A08C-4142-B3A3-C165A0D2BB9E}.Debug_2|Any CPU.Build.0 = Debug|Any CPU
		{20EA46F1-A08C-4142-B3A3-C165A0D2BB9E}.Debug_Manager|Any CPU.ActiveCfg = Debug|Any CPU
		{20EA46F1-A08C-4142-B3A3-C165A0D2BB9E}.Debug_Manager|Any CPU.Build.0 = Debug|Any CPU
		{20EA46F1-A08C-4142-B3A3-C165A0D2BB9E}.Debug|Any CPU.ActiveCfg = Debug|Any CPU
		{20EA46F1-A08C-4142-B3A3-C165A0D2BB9E}.Debug|Any CPU.Build.0 = Debug|Any CPU
		{20EA46F1-A08C-4142-B3A3-C165A0D2BB9E}.Release|Any CPU.ActiveCfg = Release|Any CPU
		{20EA46F1-A08C-4142-B3A3-C165A0D2BB9E}.Release|Any CPU.Build.0 = Release|Any CPU
		{20EA46F1-A08C-4142-B3A3-C165A0D2BB9E}.Staging|Any CPU.ActiveCfg = Debug|Any CPU
		{20EA46F1-A08C-4142-B3A3-C165A0D2BB9E}.Staging|Any CPU.Build.0 = Debug|Any CPU
		{20EA46F1-A08C-4142-B3A3-C165A0D2BB9E}.Testing|Any CPU.ActiveCfg = Debug|Any CPU
		{20EA46F1-A08C-4142-B3A3-C165A0D2BB9E}.Testing|Any CPU.Build.0 = Debug|Any CPU
		{FB89FA0C-7F3B-4111-9B95-200651F0211A}.Debug_1|Any CPU.ActiveCfg = Debug|Any CPU
		{FB89FA0C-7F3B-4111-9B95-200651F0211A}.Debug_1|Any CPU.Build.0 = Debug|Any CPU
		{FB89FA0C-7F3B-4111-9B95-200651F0211A}.Debug_2|Any CPU.ActiveCfg = Debug|Any CPU
		{FB89FA0C-7F3B-4111-9B95-200651F0211A}.Debug_2|Any CPU.Build.0 = Debug|Any CPU
		{FB89FA0C-7F3B-4111-9B95-200651F0211A}.Debug_Manager|Any CPU.ActiveCfg = Debug|Any CPU
		{FB89FA0C-7F3B-4111-9B95-200651F0211A}.Debug_Manager|Any CPU.Build.0 = Debug|Any CPU
		{FB89FA0C-7F3B-4111-9B95-200651F0211A}.Debug|Any CPU.ActiveCfg = Debug|Any CPU
		{FB89FA0C-7F3B-4111-9B95-200651F0211A}.Debug|Any CPU.Build.0 = Debug|Any CPU
		{FB89FA0C-7F3B-4111-9B95-200651F0211A}.Release|Any CPU.ActiveCfg = Release|Any CPU
		{FB89FA0C-7F3B-4111-9B95-200651F0211A}.Release|Any CPU.Build.0 = Release|Any CPU
		{FB89FA0C-7F3B-4111-9B95-200651F0211A}.Staging|Any CPU.ActiveCfg = Debug|Any CPU
		{FB89FA0C-7F3B-4111-9B95-200651F0211A}.Staging|Any CPU.Build.0 = Debug|Any CPU
		{FB89FA0C-7F3B-4111-9B95-200651F0211A}.Testing|Any CPU.ActiveCfg = Debug|Any CPU
		{FB89FA0C-7F3B-4111-9B95-200651F0211A}.Testing|Any CPU.Build.0 = Debug|Any CPU
		{1F89E109-F82A-4E0C-AF5F-D5A5874A3985}.Debug_1|Any CPU.ActiveCfg = Debug|Any CPU
		{1F89E109-F82A-4E0C-AF5F-D5A5874A3985}.Debug_1|Any CPU.Build.0 = Debug|Any CPU
		{1F89E109-F82A-4E0C-AF5F-D5A5874A3985}.Debug_2|Any CPU.ActiveCfg = Debug|Any CPU
		{1F89E109-F82A-4E0C-AF5F-D5A5874A3985}.Debug_2|Any CPU.Build.0 = Debug|Any CPU
		{1F89E109-F82A-4E0C-AF5F-D5A5874A3985}.Debug_Manager|Any CPU.ActiveCfg = Debug|Any CPU
		{1F89E109-F82A-4E0C-AF5F-D5A5874A3985}.Debug_Manager|Any CPU.Build.0 = Debug|Any CPU
		{1F89E109-F82A-4E0C-AF5F-D5A5874A3985}.Debug|Any CPU.ActiveCfg = Debug|Any CPU
		{1F89E109-F82A-4E0C-AF5F-D5A5874A3985}.Debug|Any CPU.Build.0 = Debug|Any CPU
		{1F89E109-F82A-4E0C-AF5F-D5A5874A3985}.Release|Any CPU.ActiveCfg = Release|Any CPU
		{1F89E109-F82A-4E0C-AF5F-D5A5874A3985}.Release|Any CPU.Build.0 = Release|Any CPU
		{1F89E109-F82A-4E0C-AF5F-D5A5874A3985}.Staging|Any CPU.ActiveCfg = Staging|Any CPU
		{1F89E109-F82A-4E0C-AF5F-D5A5874A3985}.Staging|Any CPU.Build.0 = Staging|Any CPU
		{1F89E109-F82A-4E0C-AF5F-D5A5874A3985}.Testing|Any CPU.ActiveCfg = Testing|Any CPU
		{1F89E109-F82A-4E0C-AF5F-D5A5874A3985}.Testing|Any CPU.Build.0 = Testing|Any CPU
		{02E6D080-2ECE-4871-A5F0-BDCB6FD08355}.Debug_1|Any CPU.ActiveCfg = Debug|Any CPU
		{02E6D080-2ECE-4871-A5F0-BDCB6FD08355}.Debug_1|Any CPU.Build.0 = Debug|Any CPU
		{02E6D080-2ECE-4871-A5F0-BDCB6FD08355}.Debug_2|Any CPU.ActiveCfg = Debug|Any CPU
		{02E6D080-2ECE-4871-A5F0-BDCB6FD08355}.Debug_2|Any CPU.Build.0 = Debug|Any CPU
		{02E6D080-2ECE-4871-A5F0-BDCB6FD08355}.Debug_Manager|Any CPU.ActiveCfg = Debug|Any CPU
		{02E6D080-2ECE-4871-A5F0-BDCB6FD08355}.Debug_Manager|Any CPU.Build.0 = Debug|Any CPU
		{02E6D080-2ECE-4871-A5F0-BDCB6FD08355}.Debug|Any CPU.ActiveCfg = Debug|Any CPU
		{02E6D080-2ECE-4871-A5F0-BDCB6FD08355}.Debug|Any CPU.Build.0 = Debug|Any CPU
		{02E6D080-2ECE-4871-A5F0-BDCB6FD08355}.Release|Any CPU.ActiveCfg = Release|Any CPU
		{02E6D080-2ECE-4871-A5F0-BDCB6FD08355}.Release|Any CPU.Build.0 = Release|Any CPU
		{02E6D080-2ECE-4871-A5F0-BDCB6FD08355}.Staging|Any CPU.ActiveCfg = Staging|Any CPU
		{02E6D080-2ECE-4871-A5F0-BDCB6FD08355}.Staging|Any CPU.Build.0 = Staging|Any CPU
		{02E6D080-2ECE-4871-A5F0-BDCB6FD08355}.Testing|Any CPU.ActiveCfg = Testing|Any CPU
		{02E6D080-2ECE-4871-A5F0-BDCB6FD08355}.Testing|Any CPU.Build.0 = Testing|Any CPU
		{4E824CCD-F121-4A88-8E9C-4B2A79CA10EF}.Debug_1|Any CPU.ActiveCfg = Debug|Any CPU
		{4E824CCD-F121-4A88-8E9C-4B2A79CA10EF}.Debug_1|Any CPU.Build.0 = Debug|Any CPU
		{4E824CCD-F121-4A88-8E9C-4B2A79CA10EF}.Debug_2|Any CPU.ActiveCfg = Debug|Any CPU
		{4E824CCD-F121-4A88-8E9C-4B2A79CA10EF}.Debug_2|Any CPU.Build.0 = Debug|Any CPU
		{4E824CCD-F121-4A88-8E9C-4B2A79CA10EF}.Debug_Manager|Any CPU.ActiveCfg = Debug|Any CPU
		{4E824CCD-F121-4A88-8E9C-4B2A79CA10EF}.Debug_Manager|Any CPU.Build.0 = Debug|Any CPU
		{4E824CCD-F121-4A88-8E9C-4B2A79CA10EF}.Debug|Any CPU.ActiveCfg = Debug|Any CPU
		{4E824CCD-F121-4A88-8E9C-4B2A79CA10EF}.Debug|Any CPU.Build.0 = Debug|Any CPU
		{4E824CCD-F121-4A88-8E9C-4B2A79CA10EF}.Release|Any CPU.ActiveCfg = Release|Any CPU
		{4E824CCD-F121-4A88-8E9C-4B2A79CA10EF}.Release|Any CPU.Build.0 = Release|Any CPU
		{4E824CCD-F121-4A88-8E9C-4B2A79CA10EF}.Staging|Any CPU.ActiveCfg = Staging|Any CPU
		{4E824CCD-F121-4A88-8E9C-4B2A79CA10EF}.Staging|Any CPU.Build.0 = Staging|Any CPU
		{4E824CCD-F121-4A88-8E9C-4B2A79CA10EF}.Testing|Any CPU.ActiveCfg = Testing|Any CPU
		{4E824CCD-F121-4A88-8E9C-4B2A79CA10EF}.Testing|Any CPU.Build.0 = Testing|Any CPU
		{77091838-CF99-4C1C-B8A1-E081ADEBDFA9}.Debug_1|Any CPU.ActiveCfg = Debug_1|Any CPU
		{77091838-CF99-4C1C-B8A1-E081ADEBDFA9}.Debug_1|Any CPU.Build.0 = Debug_1|Any CPU
		{77091838-CF99-4C1C-B8A1-E081ADEBDFA9}.Debug_2|Any CPU.ActiveCfg = Debug_2|Any CPU
		{77091838-CF99-4C1C-B8A1-E081ADEBDFA9}.Debug_2|Any CPU.Build.0 = Debug_2|Any CPU
		{77091838-CF99-4C1C-B8A1-E081ADEBDFA9}.Debug_Manager|Any CPU.ActiveCfg = Debug_1|Any CPU
		{77091838-CF99-4C1C-B8A1-E081ADEBDFA9}.Debug_Manager|Any CPU.Build.0 = Debug_1|Any CPU
		{77091838-CF99-4C1C-B8A1-E081ADEBDFA9}.Debug|Any CPU.ActiveCfg = Debug|Any CPU
		{77091838-CF99-4C1C-B8A1-E081ADEBDFA9}.Debug|Any CPU.Build.0 = Debug|Any CPU
		{77091838-CF99-4C1C-B8A1-E081ADEBDFA9}.Release|Any CPU.ActiveCfg = Release|Any CPU
		{77091838-CF99-4C1C-B8A1-E081ADEBDFA9}.Release|Any CPU.Build.0 = Release|Any CPU
		{77091838-CF99-4C1C-B8A1-E081ADEBDFA9}.Staging|Any CPU.ActiveCfg = Staging|Any CPU
		{77091838-CF99-4C1C-B8A1-E081ADEBDFA9}.Staging|Any CPU.Build.0 = Staging|Any CPU
		{77091838-CF99-4C1C-B8A1-E081ADEBDFA9}.Testing|Any CPU.ActiveCfg = Debug|Any CPU
		{77091838-CF99-4C1C-B8A1-E081ADEBDFA9}.Testing|Any CPU.Build.0 = Debug|Any CPU
		{96BCFF7F-260B-4EA3-9F80-F17D9083CDD1}.Debug_1|Any CPU.ActiveCfg = Debug|Any CPU
		{96BCFF7F-260B-4EA3-9F80-F17D9083CDD1}.Debug_1|Any CPU.Build.0 = Debug|Any CPU
		{96BCFF7F-260B-4EA3-9F80-F17D9083CDD1}.Debug_2|Any CPU.ActiveCfg = Debug|Any CPU
		{96BCFF7F-260B-4EA3-9F80-F17D9083CDD1}.Debug_2|Any CPU.Build.0 = Debug|Any CPU
		{96BCFF7F-260B-4EA3-9F80-F17D9083CDD1}.Debug_Manager|Any CPU.ActiveCfg = Debug|Any CPU
		{96BCFF7F-260B-4EA3-9F80-F17D9083CDD1}.Debug_Manager|Any CPU.Build.0 = Debug|Any CPU
		{96BCFF7F-260B-4EA3-9F80-F17D9083CDD1}.Debug|Any CPU.ActiveCfg = Debug|Any CPU
		{96BCFF7F-260B-4EA3-9F80-F17D9083CDD1}.Debug|Any CPU.Build.0 = Debug|Any CPU
		{96BCFF7F-260B-4EA3-9F80-F17D9083CDD1}.Release|Any CPU.ActiveCfg = Release|Any CPU
		{96BCFF7F-260B-4EA3-9F80-F17D9083CDD1}.Release|Any CPU.Build.0 = Release|Any CPU
		{96BCFF7F-260B-4EA3-9F80-F17D9083CDD1}.Staging|Any CPU.ActiveCfg = Staging|Any CPU
		{96BCFF7F-260B-4EA3-9F80-F17D9083CDD1}.Staging|Any CPU.Build.0 = Staging|Any CPU
		{96BCFF7F-260B-4EA3-9F80-F17D9083CDD1}.Testing|Any CPU.ActiveCfg = Testing|Any CPU
		{96BCFF7F-260B-4EA3-9F80-F17D9083CDD1}.Testing|Any CPU.Build.0 = Testing|Any CPU
		{6F944DA9-58C5-42B5-B54B-4C4A1B4CD1E9}.Debug_1|Any CPU.ActiveCfg = Debug_1|Any CPU
		{6F944DA9-58C5-42B5-B54B-4C4A1B4CD1E9}.Debug_1|Any CPU.Build.0 = Debug_1|Any CPU
		{6F944DA9-58C5-42B5-B54B-4C4A1B4CD1E9}.Debug_2|Any CPU.ActiveCfg = Debug_2|Any CPU
		{6F944DA9-58C5-42B5-B54B-4C4A1B4CD1E9}.Debug_2|Any CPU.Build.0 = Debug_2|Any CPU
		{6F944DA9-58C5-42B5-B54B-4C4A1B4CD1E9}.Debug_Manager|Any CPU.ActiveCfg = Debug_Manager|Any CPU
		{6F944DA9-58C5-42B5-B54B-4C4A1B4CD1E9}.Debug_Manager|Any CPU.Build.0 = Debug_Manager|Any CPU
		{6F944DA9-58C5-42B5-B54B-4C4A1B4CD1E9}.Debug|Any CPU.ActiveCfg = Debug|Any CPU
		{6F944DA9-58C5-42B5-B54B-4C4A1B4CD1E9}.Debug|Any CPU.Build.0 = Debug|Any CPU
		{6F944DA9-58C5-42B5-B54B-4C4A1B4CD1E9}.Release|Any CPU.ActiveCfg = Release|Any CPU
		{6F944DA9-58C5-42B5-B54B-4C4A1B4CD1E9}.Release|Any CPU.Build.0 = Release|Any CPU
		{6F944DA9-58C5-42B5-B54B-4C4A1B4CD1E9}.Staging|Any CPU.ActiveCfg = Staging|Any CPU
		{6F944DA9-58C5-42B5-B54B-4C4A1B4CD1E9}.Staging|Any CPU.Build.0 = Staging|Any CPU
		{6F944DA9-58C5-42B5-B54B-4C4A1B4CD1E9}.Testing|Any CPU.ActiveCfg = Debug|Any CPU
		{6F944DA9-58C5-42B5-B54B-4C4A1B4CD1E9}.Testing|Any CPU.Build.0 = Debug|Any CPU
	EndGlobalSection
	GlobalSection(SolutionProperties) = preSolution
		HideSolutionNode = FALSE
	EndGlobalSection
	GlobalSection(NestedProjects) = preSolution
		{FB1E56BE-766E-4731-BAB8-F641D7395DF8} = {FB61784D-3AE8-49AB-B7CE-34FAF7AD023B}
		{DBD63AB4-036D-437C-AD1E-4345A00A7471} = {FB61784D-3AE8-49AB-B7CE-34FAF7AD023B}
		{E77C443E-3E86-4963-ABBE-9A3B65462DED} = {14A0B61F-6280-4414-8131-396FA2CDF640}
		{BC679B08-1D03-4202-A03B-2BD53D8FB584} = {FB61784D-3AE8-49AB-B7CE-34FAF7AD023B}
		{A32FB66E-D017-4D98-96BD-B4C8849ED0F5} = {FB61784D-3AE8-49AB-B7CE-34FAF7AD023B}
		{1F89E109-F82A-4E0C-AF5F-D5A5874A3985} = {14A0B61F-6280-4414-8131-396FA2CDF640}
		{02E6D080-2ECE-4871-A5F0-BDCB6FD08355} = {14A0B61F-6280-4414-8131-396FA2CDF640}
		{4E824CCD-F121-4A88-8E9C-4B2A79CA10EF} = {14A0B61F-6280-4414-8131-396FA2CDF640}
		{77091838-CF99-4C1C-B8A1-E081ADEBDFA9} = {14A0B61F-6280-4414-8131-396FA2CDF640}
		{96BCFF7F-260B-4EA3-9F80-F17D9083CDD1} = {14A0B61F-6280-4414-8131-396FA2CDF640}
		{6F944DA9-58C5-42B5-B54B-4C4A1B4CD1E9} = {14A0B61F-6280-4414-8131-396FA2CDF640}
		{14A0B61F-6280-4414-8131-396FA2CDF640} = {FB61784D-3AE8-49AB-B7CE-34FAF7AD023B}
	EndGlobalSection
	GlobalSection(ExtensibilityGlobals) = postSolution
		SolutionGuid = {BF645A19-807E-4D55-A008-672D6E69800A}
	EndGlobalSection
EndGlobal
